
Microsoft Visual Studio Solution File, Format Version 12.00
# Visual Studio Version 17
VisualStudioVersion = 17.13.35931.197 d17.13
MinimumVisualStudioVersion = 10.0.40219.1
Project("{FAE04EC0-301F-11D3-BF4B-00C04F79EFBC}") = "BlazorApp1", "BlazorApp1\BlazorApp1.csproj", "{8D21DAC6-E360-498E-B2D2-EA65699DD8E3}"
EndProject
Project("{FAE04EC0-301F-11D3-BF4B-00C04F79EFBC}") = "BlazorApp1.Client", "BlazorApp1.Client\BlazorApp1.Client.csproj", "{93F5F90A-FDC0-4994-8629-973C636E2594}"
EndProject
Global
	GlobalSection(SolutionConfigurationPlatforms) = preSolution
		Debug|Any CPU = Debug|Any CPU
		Release|Any CPU = Release|Any CPU
	EndGlobalSection
	GlobalSection(ProjectConfigurationPlatforms) = postSolution
		{8D21DAC6-E360-498E-B2D2-EA65699DD8E3}.Debug|Any CPU.ActiveCfg = Debug|Any CPU
		{8D21DAC6-E360-498E-B2D2-EA65699DD8E3}.Debug|Any CPU.Build.0 = Debug|Any CPU
		{8D21DAC6-E360-498E-B2D2-EA65699DD8E3}.Release|Any CPU.ActiveCfg = Release|Any CPU
		{8D21DAC6-E360-498E-B2D2-EA65699DD8E3}.Release|Any CPU.Build.0 = Release|Any CPU
		{93F5F90A-FDC0-4994-8629-973C636E2594}.Debug|Any CPU.ActiveCfg = Debug|Any CPU
		{93F5F90A-FDC0-4994-8629-973C636E2594}.Debug|Any CPU.Build.0 = Debug|Any CPU
		{93F5F90A-FDC0-4994-8629-973C636E2594}.Release|Any CPU.ActiveCfg = Release|Any CPU
		{93F5F90A-FDC0-4994-8629-973C636E2594}.Release|Any CPU.Build.0 = Release|Any CPU
	EndGlobalSection
	GlobalSection(SolutionProperties) = preSolution
		HideSolutionNode = FALSE
	EndGlobalSection
	GlobalSection(ExtensibilityGlobals) = postSolution
		SolutionGuid = {4CEC5C08-B681-463F-A897-A90833B57AA3}
	EndGlobalSection
EndGlobal
